
Microsoft Visual Studio Solution File, Format Version 12.00
# Visual Studio Version 16
VisualStudioVersion = 16.0.32002.261
MinimumVisualStudioVersion = 10.0.40219.1
Project("{FAE04EC0-301F-11D3-BF4B-00C04F79EFBC}") = "NestEcommerceWebSiteHomework", "NestEcommerceWebSiteHomework\NestEcommerceWebSiteHomework.csproj", "{07E52AC3-AF83-48BA-AA66-A341087A472B}"
EndProject
Global
	GlobalSection(SolutionConfigurationPlatforms) = preSolution
		Debug|Any CPU = Debug|Any CPU
		Release|Any CPU = Release|Any CPU
	EndGlobalSection
	GlobalSection(ProjectConfigurationPlatforms) = postSolution
		{07E52AC3-AF83-48BA-AA66-A341087A472B}.Debug|Any CPU.ActiveCfg = Debug|Any CPU
		{07E52AC3-AF83-48BA-AA66-A341087A472B}.Debug|Any CPU.Build.0 = Debug|Any CPU
		{07E52AC3-AF83-48BA-AA66-A341087A472B}.Release|Any CPU.ActiveCfg = Release|Any CPU
		{07E52AC3-AF83-48BA-AA66-A341087A472B}.Release|Any CPU.Build.0 = Release|Any CPU
	EndGlobalSection
	GlobalSection(SolutionProperties) = preSolution
		HideSolutionNode = FALSE
	EndGlobalSection
	GlobalSection(ExtensibilityGlobals) = postSolution
		SolutionGuid = {BD8064C9-9EA3-4BA2-8A15-3C2B3BDC030E}
	EndGlobalSection
EndGlobal
